// !$*UTF8*$!
{
	archiveVersion = 1;
	classes = {
	};
	objectVersion = 55;
	objects = {

/* Begin PBXBuildFile section */
		8F242AFA27C74B1F00FEC7CC /* SwiftUI_Carves_ShapesApp.swift in Sources */ = {isa = PBXBuildFile; fileRef = 8F242AEA27C74B1E00FEC7CC /* SwiftUI_Carves_ShapesApp.swift */; };
		8F242AFB27C74B1F00FEC7CC /* SwiftUI_Carves_ShapesApp.swift in Sources */ = {isa = PBXBuildFile; fileRef = 8F242AEA27C74B1E00FEC7CC /* SwiftUI_Carves_ShapesApp.swift */; };
		8F242AFC27C74B1F00FEC7CC /* ContentView.swift in Sources */ = {isa = PBXBuildFile; fileRef = 8F242AEB27C74B1E00FEC7CC /* ContentView.swift */; };
		8F242AFD27C74B1F00FEC7CC /* ContentView.swift in Sources */ = {isa = PBXBuildFile; fileRef = 8F242AEB27C74B1E00FEC7CC /* ContentView.swift */; };
		8F242AFE27C74B1F00FEC7CC /* Assets.xcassets in Resources */ = {isa = PBXBuildFile; fileRef = 8F242AEC27C74B1F00FEC7CC /* Assets.xcassets */; };
		8F242AFF27C74B1F00FEC7CC /* Assets.xcassets in Resources */ = {isa = PBXBuildFile; fileRef = 8F242AEC27C74B1F00FEC7CC /* Assets.xcassets */; };
/* End PBXBuildFile section */

/* Begin PBXFileReference section */
		8F242AEA27C74B1E00FEC7CC /* SwiftUI_Carves_ShapesApp.swift */ = {isa = PBXFileReference; lastKnownFileType = sourcecode.swift; path = SwiftUI_Carves_ShapesApp.swift; sourceTree = "<group>"; };
		8F242AEB27C74B1E00FEC7CC /* ContentView.swift */ = {isa = PBXFileReference; lastKnownFileType = sourcecode.swift; path = ContentView.swift; sourceTree = "<group>"; };
		8F242AEC27C74B1F00FEC7CC /* Assets.xcassets */ = {isa = PBXFileReference; lastKnownFileType = folder.assetcatalog; path = Assets.xcassets; sourceTree = "<group>"; };
		8F242AF127C74B1F00FEC7CC /* SwiftUI_Carves_Shapes.app */ = {isa = PBXFileReference; explicitFileType = wrapper.application; includeInIndex = 0; path = SwiftUI_Carves_Shapes.app; sourceTree = BUILT_PRODUCTS_DIR; };
		8F242AF727C74B1F00FEC7CC /* SwiftUI_Carves_Shapes.app */ = {isa = PBXFileReference; explicitFileType = wrapper.application; includeInIndex = 0; path = SwiftUI_Carves_Shapes.app; sourceTree = BUILT_PRODUCTS_DIR; };
		8F242AF927C74B1F00FEC7CC /* macOS.entitlements */ = {isa = PBXFileReference; lastKnownFileType = text.plist.entitlements; path = macOS.entitlements; sourceTree = "<group>"; };
/* End PBXFileReference section */

/* Begin PBXFrameworksBuildPhase section */
		8F242AEE27C74B1F00FEC7CC /* Frameworks */ = {
			isa = PBXFrameworksBuildPhase;
			buildActionMask = 2147483647;
			files = (
			);
			runOnlyForDeploymentPostprocessing = 0;
		};
		8F242AF427C74B1F00FEC7CC /* Frameworks */ = {
			isa = PBXFrameworksBuildPhase;
			buildActionMask = 2147483647;
			files = (
			);
			runOnlyForDeploymentPostprocessing = 0;
		};
/* End PBXFrameworksBuildPhase section */

/* Begin PBXGroup section */
		8F242AE427C74B1D00FEC7CC = {
			isa = PBXGroup;
			children = (
				8F242AE927C74B1E00FEC7CC /* Shared */,
				8F242AF827C74B1F00FEC7CC /* macOS */,
				8F242AF227C74B1F00FEC7CC /* Products */,
			);
			sourceTree = "<group>";
		};
		8F242AE927C74B1E00FEC7CC /* Shared */ = {
			isa = PBXGroup;
			children = (
				8F242AEA27C74B1E00FEC7CC /* SwiftUI_Carves_ShapesApp.swift */,
				8F242AEB27C74B1E00FEC7CC /* ContentView.swift */,
				8F242AEC27C74B1F00FEC7CC /* Assets.xcassets */,
			);
			path = Shared;
			sourceTree = "<group>";
		};
		8F242AF227C74B1F00FEC7CC /* Products */ = {
			isa = PBXGroup;
			children = (
				8F242AF127C74B1F00FEC7CC /* SwiftUI_Carves_Shapes.app */,
				8F242AF727C74B1F00FEC7CC /* SwiftUI_Carves_Shapes.app */,
			);
			name = Products;
			sourceTree = "<group>";
		};
		8F242AF827C74B1F00FEC7CC /* macOS */ = {
			isa = PBXGroup;
			children = (
				8F242AF927C74B1F00FEC7CC /* macOS.entitlements */,
			);
			path = macOS;
			sourceTree = "<group>";
		};
/* End PBXGroup section */

/* Begin PBXNativeTarget section */
		8F242AF027C74B1F00FEC7CC /* SwiftUI_Carves_Shapes (iOS) */ = {
			isa = PBXNativeTarget;
			buildConfigurationList = 8F242B0227C74B1F00FEC7CC /* Build configuration list for PBXNativeTarget "SwiftUI_Carves_Shapes (iOS)" */;
			buildPhases = (
				8F242AED27C74B1F00FEC7CC /* Sources */,
				8F242AEE27C74B1F00FEC7CC /* Frameworks */,
				8F242AEF27C74B1F00FEC7CC /* Resources */,
			);
			buildRules = (
			);
			dependencies = (
			);
			name = "SwiftUI_Carves_Shapes (iOS)";
			productName = "SwiftUI_Carves_Shapes (iOS)";
			productReference = 8F242AF127C74B1F00FEC7CC /* SwiftUI_Carves_Shapes.app */;
			productType = "com.apple.product-type.application";
		};
		8F242AF627C74B1F00FEC7CC /* SwiftUI_Carves_Shapes (macOS) */ = {
			isa = PBXNativeTarget;
			buildConfigurationList = 8F242B0527C74B1F00FEC7CC /* Build configuration list for PBXNativeTarget "SwiftUI_Carves_Shapes (macOS)" */;
			buildPhases = (
				8F242AF327C74B1F00FEC7CC /* Sources */,
				8F242AF427C74B1F00FEC7CC /* Frameworks */,
				8F242AF527C74B1F00FEC7CC /* Resources */,
			);
			buildRules = (
			);
			dependencies = (
			);
			name = "SwiftUI_Carves_Shapes (macOS)";
			productName = "SwiftUI_Carves_Shapes (macOS)";
			productReference = 8F242AF727C74B1F00FEC7CC /* SwiftUI_Carves_Shapes.app */;
			productType = "com.apple.product-type.application";
		};
/* End PBXNativeTarget section */

/* Begin PBXProject section */
		8F242AE527C74B1D00FEC7CC /* Project object */ = {
			isa = PBXProject;
			attributes = {
				BuildIndependentTargetsInParallel = 1;
				LastSwiftUpdateCheck = 1320;
				LastUpgradeCheck = 1320;
				TargetAttributes = {
					8F242AF027C74B1F00FEC7CC = {
						CreatedOnToolsVersion = 13.2.1;
					};
					8F242AF627C74B1F00FEC7CC = {
						CreatedOnToolsVersion = 13.2.1;
					};
				};
			};
			buildConfigurationList = 8F242AE827C74B1D00FEC7CC /* Build configuration list for PBXProject "SwiftUI_Carves_Shapes" */;
			compatibilityVersion = "Xcode 13.0";
			developmentRegion = en;
			hasScannedForEncodings = 0;
			knownRegions = (
				en,
				Base,
			);
			mainGroup = 8F242AE427C74B1D00FEC7CC;
			productRefGroup = 8F242AF227C74B1F00FEC7CC /* Products */;
			projectDirPath = "";
			projectRoot = "";
			targets = (
				8F242AF027C74B1F00FEC7CC /* SwiftUI_Carves_Shapes (iOS) */,
				8F242AF627C74B1F00FEC7CC /* SwiftUI_Carves_Shapes (macOS) */,
			);
		};
/* End PBXProject section */

/* Begin PBXResourcesBuildPhase section */
		8F242AEF27C74B1F00FEC7CC /* Resources */ = {
			isa = PBXResourcesBuildPhase;
			buildActionMask = 2147483647;
			files = (
				8F242AFE27C74B1F00FEC7CC /* Assets.xcassets in Resources */,
			);
			runOnlyForDeploymentPostprocessing = 0;
		};
		8F242AF527C74B1F00FEC7CC /* Resources */ = {
			isa = PBXResourcesBuildPhase;
			buildActionMask = 2147483647;
			files = (
				8F242AFF27C74B1F00FEC7CC /* Assets.xcassets in Resources */,
			);
			runOnlyForDeploymentPostprocessing = 0;
		};
/* End PBXResourcesBuildPhase section */

/* Begin PBXSourcesBuildPhase section */
		8F242AED27C74B1F00FEC7CC /* Sources */ = {
			isa = PBXSourcesBuildPhase;
			buildActionMask = 2147483647;
			files = (
				8F242AFC27C74B1F00FEC7CC /* ContentView.swift in Sources */,
				8F242AFA27C74B1F00FEC7CC /* SwiftUI_Carves_ShapesApp.swift in Sources */,
			);
			runOnlyForDeploymentPostprocessing = 0;
		};
		8F242AF327C74B1F00FEC7CC /* Sources */ = {
			isa = PBXSourcesBuildPhase;
			buildActionMask = 2147483647;
			files = (
				8F242AFD27C74B1F00FEC7CC /* ContentView.swift in Sources */,
				8F242AFB27C74B1F00FEC7CC /* SwiftUI_Carves_ShapesApp.swift in Sources */,
			);
			runOnlyForDeploymentPostprocessing = 0;
		};
/* End PBXSourcesBuildPhase section */

/* Begin XCBuildConfiguration section */
		8F242B0027C74B1F00FEC7CC /* Debug */ = {
			isa = XCBuildConfiguration;
			buildSettings = {
				ALWAYS_SEARCH_USER_PATHS = NO;
				CLANG_ANALYZER_NONNULL = YES;
				CLANG_ANALYZER_NUMBER_OBJECT_CONVERSION = YES_AGGRESSIVE;
				CLANG_CXX_LANGUAGE_STANDARD = "gnu++17";
				CLANG_CXX_LIBRARY = "libc++";
				CLANG_ENABLE_MODULES = YES;
				CLANG_ENABLE_OBJC_ARC = YES;
				CLANG_ENABLE_OBJC_WEAK = YES;
				CLANG_WARN_BLOCK_CAPTURE_AUTORELEASING = YES;
				CLANG_WARN_BOOL_CONVERSION = YES;
				CLANG_WARN_COMMA = YES;
				CLANG_WARN_CONSTANT_CONVERSION = YES;
				CLANG_WARN_DEPRECATED_OBJC_IMPLEMENTATIONS = YES;
				CLANG_WARN_DIRECT_OBJC_ISA_USAGE = YES_ERROR;
				CLANG_WARN_DOCUMENTATION_COMMENTS = YES;
				CLANG_WARN_EMPTY_BODY = YES;
				CLANG_WARN_ENUM_CONVERSION = YES;
				CLANG_WARN_INFINITE_RECURSION = YES;
				CLANG_WARN_INT_CONVERSION = YES;
				CLANG_WARN_NON_LITERAL_NULL_CONVERSION = YES;
				CLANG_WARN_OBJC_IMPLICIT_RETAIN_SELF = YES;
				CLANG_WARN_OBJC_LITERAL_CONVERSION = YES;
				CLANG_WARN_OBJC_ROOT_CLASS = YES_ERROR;
				CLANG_WARN_QUOTED_INCLUDE_IN_FRAMEWORK_HEADER = YES;
				CLANG_WARN_RANGE_LOOP_ANALYSIS = YES;
				CLANG_WARN_STRICT_PROTOTYPES = YES;
				CLANG_WARN_SUSPICIOUS_MOVE = YES;
				CLANG_WARN_UNGUARDED_AVAILABILITY = YES_AGGRESSIVE;
				CLANG_WARN_UNREACHABLE_CODE = YES;
				CLANG_WARN__DUPLICATE_METHOD_MATCH = YES;
				COPY_PHASE_STRIP = NO;
				DEBUG_INFORMATION_FORMAT = dwarf;
				ENABLE_STRICT_OBJC_MSGSEND = YES;
				ENABLE_TESTABILITY = YES;
				GCC_C_LANGUAGE_STANDARD = gnu11;
				GCC_DYNAMIC_NO_PIC = NO;
				GCC_NO_COMMON_BLOCKS = YES;
				GCC_OPTIMIZATION_LEVEL = 0;
				GCC_PREPROCESSOR_DEFINITIONS = (
					"DEBUG=1",
					"$(inherited)",
				);
				GCC_WARN_64_TO_32_BIT_CONVERSION = YES;
				GCC_WARN_ABOUT_RETURN_TYPE = YES_ERROR;
				GCC_WARN_UNDECLARED_SELECTOR = YES;
				GCC_WARN_UNINITIALIZED_AUTOS = YES_AGGRESSIVE;
				GCC_WARN_UNUSED_FUNCTION = YES;
				GCC_WARN_UNUSED_VARIABLE = YES;
				MTL_ENABLE_DEBUG_INFO = INCLUDE_SOURCE;
				MTL_FAST_MATH = YES;
				ONLY_ACTIVE_ARCH = YES;
				SWIFT_ACTIVE_COMPILATION_CONDITIONS = DEBUG;
				SWIFT_OPTIMIZATION_LEVEL = "-Onone";
			};
			name = Debug;
		};
		8F242B0127C74B1F00FEC7CC /* Release */ = {
			isa = XCBuildConfiguration;
			buildSettings = {
				ALWAYS_SEARCH_USER_PATHS = NO;
				CLANG_ANALYZER_NONNULL = YES;
				CLANG_ANALYZER_NUMBER_OBJECT_CONVERSION = YES_AGGRESSIVE;
				CLANG_CXX_LANGUAGE_STANDARD = "gnu++17";
				CLANG_CXX_LIBRARY = "libc++";
				CLANG_ENABLE_MODULES = YES;
				CLANG_ENABLE_OBJC_ARC = YES;
				CLANG_ENABLE_OBJC_WEAK = YES;
				CLANG_WARN_BLOCK_CAPTURE_AUTORELEASING = YES;
				CLANG_WARN_BOOL_CONVERSION = YES;
				CLANG_WARN_COMMA = YES;
				CLANG_WARN_CONSTANT_CONVERSION = YES;
				CLANG_WARN_DEPRECATED_OBJC_IMPLEMENTATIONS = YES;
				CLANG_WARN_DIRECT_OBJC_ISA_USAGE = YES_ERROR;
				CLANG_WARN_DOCUMENTATION_COMMENTS = YES;
				CLANG_WARN_EMPTY_BODY = YES;
				CLANG_WARN_ENUM_CONVERSION = YES;
				CLANG_WARN_INFINITE_RECURSION = YES;
				CLANG_WARN_INT_CONVERSION = YES;
				CLANG_WARN_NON_LITERAL_NULL_CONVERSION = YES;
				CLANG_WARN_OBJC_IMPLICIT_RETAIN_SELF = YES;
				CLANG_WARN_OBJC_LITERAL_CONVERSION = YES;
				CLANG_WARN_OBJC_ROOT_CLASS = YES_ERROR;
				CLANG_WARN_QUOTED_INCLUDE_IN_FRAMEWORK_HEADER = YES;
				CLANG_WARN_RANGE_LOOP_ANALYSIS = YES;
				CLANG_WARN_STRICT_PROTOTYPES = YES;
				CLANG_WARN_SUSPICIOUS_MOVE = YES;
				CLANG_WARN_UNGUARDED_AVAILABILITY = YES_AGGRESSIVE;
				CLANG_WARN_UNREACHABLE_CODE = YES;
				CLANG_WARN__DUPLICATE_METHOD_MATCH = YES;
				COPY_PHASE_STRIP = NO;
				DEBUG_INFORMATION_FORMAT = "dwarf-with-dsym";
				ENABLE_NS_ASSERTIONS = NO;
				ENABLE_STRICT_OBJC_MSGSEND = YES;
				GCC_C_LANGUAGE_STANDARD = gnu11;
				GCC_NO_COMMON_BLOCKS = YES;
				GCC_WARN_64_TO_32_BIT_CONVERSION = YES;
				GCC_WARN_ABOUT_RETURN_TYPE = YES_ERROR;
				GCC_WARN_UNDECLARED_SELECTOR = YES;
				GCC_WARN_UNINITIALIZED_AUTOS = YES_AGGRESSIVE;
				GCC_WARN_UNUSED_FUNCTION = YES;
				GCC_WARN_UNUSED_VARIABLE = YES;
				MTL_ENABLE_DEBUG_INFO = NO;
				MTL_FAST_MATH = YES;
				SWIFT_COMPILATION_MODE = wholemodule;
				SWIFT_OPTIMIZATION_LEVEL = "-O";
			};
			name = Release;
		};
		8F242B0327C74B1F00FEC7CC /* Debug */ = {
			isa = XCBuildConfiguration;
			buildSettings = {
				ASSETCATALOG_COMPILER_APPICON_NAME = AppIcon;
				ASSETCATALOG_COMPILER_GLOBAL_ACCENT_COLOR_NAME = AccentColor;
				CODE_SIGN_STYLE = Automatic;
				CURRENT_PROJECT_VERSION = 1;
				ENABLE_PREVIEWS = YES;
				GENERATE_INFOPLIST_FILE = YES;
				INFOPLIST_KEY_UIApplicationSceneManifest_Generation = YES;
				INFOPLIST_KEY_UIApplicationSupportsIndirectInputEvents = YES;
				INFOPLIST_KEY_UILaunchScreen_Generation = YES;
				INFOPLIST_KEY_UISupportedInterfaceOrientations_iPad = "UIInterfaceOrientationPortrait UIInterfaceOrientationPortraitUpsideDown UIInterfaceOrientationLandscapeLeft UIInterfaceOrientationLandscapeRight";
				INFOPLIST_KEY_UISupportedInterfaceOrientations_iPhone = "UIInterfaceOrientationPortrait UIInterfaceOrientationLandscapeLeft UIInterfaceOrientationLandscapeRight";
				IPHONEOS_DEPLOYMENT_TARGET = 15.2;
				LD_RUNPATH_SEARCH_PATHS = (
					"$(inherited)",
					"@executable_path/Frameworks",
				);
				MARKETING_VERSION = 1.0;
				PRODUCT_BUNDLE_IDENTIFIER = "towhid.SwiftUI-Carves-Shapes";
				PRODUCT_NAME = SwiftUI_Carves_Shapes;
				SDKROOT = iphoneos;
				SWIFT_EMIT_LOC_STRINGS = YES;
				SWIFT_VERSION = 5.0;
				TARGETED_DEVICE_FAMILY = "1,2";
			};
			name = Debug;
		};
		8F242B0427C74B1F00FEC7CC /* Release */ = {
			isa = XCBuildConfiguration;
			buildSettings = {
				ASSETCATALOG_COMPILER_APPICON_NAME = AppIcon;
				ASSETCATALOG_COMPILER_GLOBAL_ACCENT_COLOR_NAME = AccentColor;
				CODE_SIGN_STYLE = Automatic;
				CURRENT_PROJECT_VERSION = 1;
				ENABLE_PREVIEWS = YES;
				GENERATE_INFOPLIST_FILE = YES;
				INFOPLIST_KEY_UIApplicationSceneManifest_Generation = YES;
				INFOPLIST_KEY_UIApplicationSupportsIndirectInputEvents = YES;
				INFOPLIST_KEY_UILaunchScreen_Generation = YES;
				INFOPLIST_KEY_UISupportedInterfaceOrientations_iPad = "UIInterfaceOrientationPortrait UIInterfaceOrientationPortraitUpsideDown UIInterfaceOrientationLandscapeLeft UIInterfaceOrientationLandscapeRight";
				INFOPLIST_KEY_UISupportedInterfaceOrientations_iPhone = "UIInterfaceOrientationPortrait UIInterfaceOrientationLandscapeLeft UIInterfaceOrientationLandscapeRight";
				IPHONEOS_DEPLOYMENT_TARGET = 15.2;
				LD_RUNPATH_SEARCH_PATHS = (
					"$(inherited)",
					"@executable_path/Frameworks",
				);
				MARKETING_VERSION = 1.0;
				PRODUCT_BUNDLE_IDENTIFIER = "towhid.SwiftUI-Carves-Shapes";
				PRODUCT_NAME = SwiftUI_Carves_Shapes;
				SDKROOT = iphoneos;
				SWIFT_EMIT_LOC_STRINGS = YES;
				SWIFT_VERSION = 5.0;
				TARGETED_DEVICE_FAMILY = "1,2";
				VALIDATE_PRODUCT = YES;
			};
			name = Release;
		};
		8F242B0627C74B1F00FEC7CC /* Debug */ = {
			isa = XCBuildConfiguration;
			buildSettings = {
				ASSETCATALOG_COMPILER_APPICON_NAME = AppIcon;
				ASSETCATALOG_COMPILER_GLOBAL_ACCENT_COLOR_NAME = AccentColor;
				CODE_SIGN_ENTITLEMENTS = macOS/macOS.entitlements;
				CODE_SIGN_STYLE = Automatic;
				COMBINE_HIDPI_IMAGES = YES;
				CURRENT_PROJECT_VERSION = 1;
				ENABLE_PREVIEWS = YES;
				GENERATE_INFOPLIST_FILE = YES;
				INFOPLIST_KEY_NSHumanReadableCopyright = "";
				LD_RUNPATH_SEARCH_PATHS = (
					"$(inherited)",
					"@executable_path/../Frameworks",
				);
				MACOSX_DEPLOYMENT_TARGET = 12.0;
				MARKETING_VERSION = 1.0;
				PRODUCT_BUNDLE_IDENTIFIER = "towhid.SwiftUI-Carves-Shapes";
				PRODUCT_NAME = SwiftUI_Carves_Shapes;
				SDKROOT = macosx;
				SWIFT_EMIT_LOC_STRINGS = YES;
				SWIFT_VERSION = 5.0;
			};
			name = Debug;
		};
		8F242B0727C74B1F00FEC7CC /* Release */ = {
			isa = XCBuildConfiguration;
			buildSettings = {
				ASSETCATALOG_COMPILER_APPICON_NAME = AppIcon;
				ASSETCATALOG_COMPILER_GLOBAL_ACCENT_COLOR_NAME = AccentColor;
				CODE_SIGN_ENTITLEMENTS = macOS/macOS.entitlements;
				CODE_SIGN_STYLE = Automatic;
				COMBINE_HIDPI_IMAGES = YES;
				CURRENT_PROJECT_VERSION = 1;
				ENABLE_PREVIEWS = YES;
				GENERATE_INFOPLIST_FILE = YES;
				INFOPLIST_KEY_NSHumanReadableCopyright = "";
				LD_RUNPATH_SEARCH_PATHS = (
					"$(inherited)",
					"@executable_path/../Frameworks",
				);
				MACOSX_DEPLOYMENT_TARGET = 12.0;
				MARKETING_VERSION = 1.0;
				PRODUCT_BUNDLE_IDENTIFIER = "towhid.SwiftUI-Carves-Shapes";
				PRODUCT_NAME = SwiftUI_Carves_Shapes;
				SDKROOT = macosx;
				SWIFT_EMIT_LOC_STRINGS = YES;
				SWIFT_VERSION = 5.0;
			};
			name = Release;
		};
/* End XCBuildConfiguration section */

/* Begin XCConfigurationList section */
		8F242AE827C74B1D00FEC7CC /* Build configuration list for PBXProject "SwiftUI_Carves_Shapes" */ = {
			isa = XCConfigurationList;
			buildConfigurations = (
				8F242B0027C74B1F00FEC7CC /* Debug */,
				8F242B0127C74B1F00FEC7CC /* Release */,
			);
			defaultConfigurationIsVisible = 0;
			defaultConfigurationName = Release;
		};
		8F242B0227C74B1F00FEC7CC /* Build configuration list for PBXNativeTarget "SwiftUI_Carves_Shapes (iOS)" */ = {
			isa = XCConfigurationList;
			buildConfigurations = (
				8F242B0327C74B1F00FEC7CC /* Debug */,
				8F242B0427C74B1F00FEC7CC /* Release */,
			);
			defaultConfigurationIsVisible = 0;
			defaultConfigurationName = Release;
		};
		8F242B0527C74B1F00FEC7CC /* Build configuration list for PBXNativeTarget "SwiftUI_Carves_Shapes (macOS)" */ = {
			isa = XCConfigurationList;
			buildConfigurations = (
				8F242B0627C74B1F00FEC7CC /* Debug */,
				8F242B0727C74B1F00FEC7CC /* Release */,
			);
			defaultConfigurationIsVisible = 0;
			defaultConfigurationName = Release;
		};
/* End XCConfigurationList section */
	};
	rootObject = 8F242AE527C74B1D00FEC7CC /* Project object */;
}
